
Microsoft Visual Studio Solution File, Format Version 12.00
# Visual Studio Version 16
VisualStudioVersion = 16.0.28803.352
MinimumVisualStudioVersion = 10.0.40219.1
Project("{FAE04EC0-301F-11D3-BF4B-00C04F79EFBC}") = "Todoapp", "Todoapp\Todoapp.csproj", "{DD2B1903-7777-4AC8-9DF2-E717605F802B}"
EndProject
Global
	GlobalSection(SolutionConfigurationPlatforms) = preSolution
		Debug|Any CPU = Debug|Any CPU
		Release|Any CPU = Release|Any CPU
	EndGlobalSection
	GlobalSection(ProjectConfigurationPlatforms) = postSolution
		{DD2B1903-7777-4AC8-9DF2-E717605F802B}.Debug|Any CPU.ActiveCfg = Debug|Any CPU
		{DD2B1903-7777-4AC8-9DF2-E717605F802B}.Debug|Any CPU.Build.0 = Debug|Any CPU
		{DD2B1903-7777-4AC8-9DF2-E717605F802B}.Release|Any CPU.ActiveCfg = Release|Any CPU
		{DD2B1903-7777-4AC8-9DF2-E717605F802B}.Release|Any CPU.Build.0 = Release|Any CPU
	EndGlobalSection
	GlobalSection(SolutionProperties) = preSolution
		HideSolutionNode = FALSE
	EndGlobalSection
	GlobalSection(ExtensibilityGlobals) = postSolution
		SolutionGuid = {F4A21A9C-EE97-4D4F-B110-DCF23DBCDE40}
	EndGlobalSection
EndGlobal
