
Microsoft Visual Studio Solution File, Format Version 12.00
# Visual Studio Version 16
VisualStudioVersion = 16.0.28803.352
MinimumVisualStudioVersion = 10.0.40219.1
Project("{FAE04EC0-301F-11D3-BF4B-00C04F79EFBC}") = "Checkers", "Checkers\Checkers.csproj", "{8526634A-6B52-40F8-A769-B5164FAE716D}"
EndProject
Global
	GlobalSection(SolutionConfigurationPlatforms) = preSolution
		Debug|Any CPU = Debug|Any CPU
		Release|Any CPU = Release|Any CPU
	EndGlobalSection
	GlobalSection(ProjectConfigurationPlatforms) = postSolution
		{8526634A-6B52-40F8-A769-B5164FAE716D}.Debug|Any CPU.ActiveCfg = Debug|Any CPU
		{8526634A-6B52-40F8-A769-B5164FAE716D}.Debug|Any CPU.Build.0 = Debug|Any CPU
		{8526634A-6B52-40F8-A769-B5164FAE716D}.Release|Any CPU.ActiveCfg = Release|Any CPU
		{8526634A-6B52-40F8-A769-B5164FAE716D}.Release|Any CPU.Build.0 = Release|Any CPU
	EndGlobalSection
	GlobalSection(SolutionProperties) = preSolution
		HideSolutionNode = FALSE
	EndGlobalSection
	GlobalSection(ExtensibilityGlobals) = postSolution
		SolutionGuid = {1C389545-C707-48A3-B04C-98BE8EDA6886}
	EndGlobalSection
EndGlobal
